
Microsoft Visual Studio Solution File, Format Version 12.00
# Visual Studio Version 17
VisualStudioVersion = 17.13.35818.85 d17.13
MinimumVisualStudioVersion = 10.0.40219.1
Project("{FAE04EC0-301F-11D3-BF4B-00C04F79EFBC}") = "libraryManagementSystem", "libraryManagementSystem.csproj", "{090B508F-FA27-4DE0-B2D5-151B48C27C84}"
EndProject
Global
	GlobalSection(SolutionConfigurationPlatforms) = preSolution
		Debug|Any CPU = Debug|Any CPU
		Release|Any CPU = Release|Any CPU
	EndGlobalSection
	GlobalSection(ProjectConfigurationPlatforms) = postSolution
		{090B508F-FA27-4DE0-B2D5-151B48C27C84}.Debug|Any CPU.ActiveCfg = Debug|Any CPU
		{090B508F-FA27-4DE0-B2D5-151B48C27C84}.Debug|Any CPU.Build.0 = Debug|Any CPU
		{090B508F-FA27-4DE0-B2D5-151B48C27C84}.Release|Any CPU.ActiveCfg = Release|Any CPU
		{090B508F-FA27-4DE0-B2D5-151B48C27C84}.Release|Any CPU.Build.0 = Release|Any CPU
	EndGlobalSection
	GlobalSection(SolutionProperties) = preSolution
		HideSolutionNode = FALSE
	EndGlobalSection
	GlobalSection(ExtensibilityGlobals) = postSolution
		SolutionGuid = {1B5C309C-44CA-4E62-A671-D175DD8284E0}
	EndGlobalSection
EndGlobal
